
Microsoft Visual Studio Solution File, Format Version 12.00
# Visual Studio Version 16
VisualStudioVersion = 25.0.1704.0
MinimumVisualStudioVersion = 10.0.40219.1
Project("{FAE04EC0-301F-11D3-BF4B-00C04F79EFBC}") = "API", "API.csproj", "{0EF4A229-C856-4879-BCA0-C8A02A126555}"
EndProject
Global
	GlobalSection(SolutionConfigurationPlatforms) = preSolution
		Debug|Any CPU = Debug|Any CPU
		Release|Any CPU = Release|Any CPU
	EndGlobalSection
	GlobalSection(ProjectConfigurationPlatforms) = postSolution
		{0EF4A229-C856-4879-BCA0-C8A02A126555}.Debug|Any CPU.ActiveCfg = Debug|Any CPU
		{0EF4A229-C856-4879-BCA0-C8A02A126555}.Debug|Any CPU.Build.0 = Debug|Any CPU
		{0EF4A229-C856-4879-BCA0-C8A02A126555}.Release|Any CPU.ActiveCfg = Release|Any CPU
		{0EF4A229-C856-4879-BCA0-C8A02A126555}.Release|Any CPU.Build.0 = Release|Any CPU
	EndGlobalSection
	GlobalSection(SolutionProperties) = preSolution
		HideSolutionNode = FALSE
	EndGlobalSection
	GlobalSection(ExtensibilityGlobals) = postSolution
		SolutionGuid = {F8BD5D59-3EDC-4956-8FEF-19B6FEE6EA31}
	EndGlobalSection
EndGlobal
